
Microsoft Visual Studio Solution File, Format Version 12.00
# Visual Studio Version 16
VisualStudioVersion = 16.0.31005.135
MinimumVisualStudioVersion = 10.0.40219.1
Project("{FAE04EC0-301F-11D3-BF4B-00C04F79EFBC}") = "ContactsApp", "ContactsApp\ContactsApp.csproj", "{140E5C45-A872-41B7-A41C-AE87108EA078}"
EndProject
Project("{FAE04EC0-301F-11D3-BF4B-00C04F79EFBC}") = "ContactsAppUI", "ContactsAppUI\ContactsAppUI.csproj", "{11052BBC-B278-4FF4-8012-3C0FE1CEE0FF}"
EndProject
Project("{FAE04EC0-301F-11D3-BF4B-00C04F79EFBC}") = "ContactsApp.Tests", "ContactsApp.Tests\ContactsApp.Tests.csproj", "{D2685360-8638-47CE-B871-A96E026204F3}"
EndProject
Global
	GlobalSection(SolutionConfigurationPlatforms) = preSolution
		Debug|Any CPU = Debug|Any CPU
		Release|Any CPU = Release|Any CPU
	EndGlobalSection
	GlobalSection(ProjectConfigurationPlatforms) = postSolution
		{140E5C45-A872-41B7-A41C-AE87108EA078}.Debug|Any CPU.ActiveCfg = Debug|Any CPU
		{140E5C45-A872-41B7-A41C-AE87108EA078}.Debug|Any CPU.Build.0 = Debug|Any CPU
		{140E5C45-A872-41B7-A41C-AE87108EA078}.Release|Any CPU.ActiveCfg = Release|Any CPU
		{140E5C45-A872-41B7-A41C-AE87108EA078}.Release|Any CPU.Build.0 = Release|Any CPU
		{11052BBC-B278-4FF4-8012-3C0FE1CEE0FF}.Debug|Any CPU.ActiveCfg = Debug|Any CPU
		{11052BBC-B278-4FF4-8012-3C0FE1CEE0FF}.Debug|Any CPU.Build.0 = Debug|Any CPU
		{11052BBC-B278-4FF4-8012-3C0FE1CEE0FF}.Release|Any CPU.ActiveCfg = Release|Any CPU
		{11052BBC-B278-4FF4-8012-3C0FE1CEE0FF}.Release|Any CPU.Build.0 = Release|Any CPU
		{D2685360-8638-47CE-B871-A96E026204F3}.Debug|Any CPU.ActiveCfg = Debug|Any CPU
		{D2685360-8638-47CE-B871-A96E026204F3}.Debug|Any CPU.Build.0 = Debug|Any CPU
		{D2685360-8638-47CE-B871-A96E026204F3}.Release|Any CPU.ActiveCfg = Release|Any CPU
		{D2685360-8638-47CE-B871-A96E026204F3}.Release|Any CPU.Build.0 = Release|Any CPU
	EndGlobalSection
	GlobalSection(SolutionProperties) = preSolution
		HideSolutionNode = FALSE
	EndGlobalSection
	GlobalSection(ExtensibilityGlobals) = postSolution
		SolutionGuid = {92DB06F9-6509-4260-9EB5-9027C9018BFC}
	EndGlobalSection
EndGlobal
