
Microsoft Visual Studio Solution File, Format Version 12.00
# Visual Studio Version 16
VisualStudioVersion = 16.0.31005.135
MinimumVisualStudioVersion = 10.0.40219.1
Project("{FAE04EC0-301F-11D3-BF4B-00C04F79EFBC}") = "ContactsAppUI", "ContactsAppUI\ContactsAppUI.csproj", "{B1AE10FC-8236-4542-AAF6-CC492378D312}"
EndProject
Global
	GlobalSection(SolutionConfigurationPlatforms) = preSolution
		Debug|Any CPU = Debug|Any CPU
		Release|Any CPU = Release|Any CPU
	EndGlobalSection
	GlobalSection(ProjectConfigurationPlatforms) = postSolution
		{B1AE10FC-8236-4542-AAF6-CC492378D312}.Debug|Any CPU.ActiveCfg = Debug|Any CPU
		{B1AE10FC-8236-4542-AAF6-CC492378D312}.Debug|Any CPU.Build.0 = Debug|Any CPU
		{B1AE10FC-8236-4542-AAF6-CC492378D312}.Release|Any CPU.ActiveCfg = Release|Any CPU
		{B1AE10FC-8236-4542-AAF6-CC492378D312}.Release|Any CPU.Build.0 = Release|Any CPU
	EndGlobalSection
	GlobalSection(SolutionProperties) = preSolution
		HideSolutionNode = FALSE
	EndGlobalSection
	GlobalSection(ExtensibilityGlobals) = postSolution
		SolutionGuid = {E62A303C-3F4D-4E7A-BB74-532CDE7014C1}
	EndGlobalSection
EndGlobal
